
Microsoft Visual Studio Solution File, Format Version 12.00
# Visual Studio Version 17
VisualStudioVersion = 17.13.35825.156
MinimumVisualStudioVersion = 10.0.40219.1
Project("{FAE04EC0-301F-11D3-BF4B-00C04F79EFBC}") = "Appointment.API", "source\Appointment.API\Appointment.API.csproj", "{D8F5E84F-BFF2-4321-B542-F59F79D5E0CF}"
EndProject
Project("{FAE04EC0-301F-11D3-BF4B-00C04F79EFBC}") = "Appointment.Models", "source\Appointment.Models\Appointment.Models.csproj", "{DED5BA2A-FB3C-4E12-9585-212E400C1BF7}"
EndProject
Project("{FAE04EC0-301F-11D3-BF4B-00C04F79EFBC}") = "Appointment.DAC", "source\Appointment.DAC\Appointment.DAC.csproj", "{07AC37E2-92CE-410A-8526-0A5B0536996D}"
EndProject
Project("{FAE04EC0-301F-11D3-BF4B-00C04F79EFBC}") = "Appointment.BizLogic", "source\Appointment.BizLogic\Appointment.BizLogic.csproj", "{FC2B582E-3156-4A05-BC17-CEE8B81B4CB8}"
EndProject
Project("{FAE04EC0-301F-11D3-BF4B-00C04F79EFBC}") = "Appointment.API.UnitTest", "tests\Appointment.API.UnitTest\Appointment.API.UnitTest.csproj", "{389FD800-8ED1-4DD3-A455-65C91C97305B}"
EndProject
Global
	GlobalSection(SolutionConfigurationPlatforms) = preSolution
		Debug|Any CPU = Debug|Any CPU
		Release|Any CPU = Release|Any CPU
	EndGlobalSection
	GlobalSection(ProjectConfigurationPlatforms) = postSolution
		{D8F5E84F-BFF2-4321-B542-F59F79D5E0CF}.Debug|Any CPU.ActiveCfg = Debug|Any CPU
		{D8F5E84F-BFF2-4321-B542-F59F79D5E0CF}.Debug|Any CPU.Build.0 = Debug|Any CPU
		{D8F5E84F-BFF2-4321-B542-F59F79D5E0CF}.Release|Any CPU.ActiveCfg = Release|Any CPU
		{D8F5E84F-BFF2-4321-B542-F59F79D5E0CF}.Release|Any CPU.Build.0 = Release|Any CPU
		{DED5BA2A-FB3C-4E12-9585-212E400C1BF7}.Debug|Any CPU.ActiveCfg = Debug|Any CPU
		{DED5BA2A-FB3C-4E12-9585-212E400C1BF7}.Debug|Any CPU.Build.0 = Debug|Any CPU
		{DED5BA2A-FB3C-4E12-9585-212E400C1BF7}.Release|Any CPU.ActiveCfg = Release|Any CPU
		{DED5BA2A-FB3C-4E12-9585-212E400C1BF7}.Release|Any CPU.Build.0 = Release|Any CPU
		{07AC37E2-92CE-410A-8526-0A5B0536996D}.Debug|Any CPU.ActiveCfg = Debug|Any CPU
		{07AC37E2-92CE-410A-8526-0A5B0536996D}.Debug|Any CPU.Build.0 = Debug|Any CPU
		{07AC37E2-92CE-410A-8526-0A5B0536996D}.Release|Any CPU.ActiveCfg = Release|Any CPU
		{07AC37E2-92CE-410A-8526-0A5B0536996D}.Release|Any CPU.Build.0 = Release|Any CPU
		{FC2B582E-3156-4A05-BC17-CEE8B81B4CB8}.Debug|Any CPU.ActiveCfg = Debug|Any CPU
		{FC2B582E-3156-4A05-BC17-CEE8B81B4CB8}.Debug|Any CPU.Build.0 = Debug|Any CPU
		{FC2B582E-3156-4A05-BC17-CEE8B81B4CB8}.Release|Any CPU.ActiveCfg = Release|Any CPU
		{FC2B582E-3156-4A05-BC17-CEE8B81B4CB8}.Release|Any CPU.Build.0 = Release|Any CPU
		{389FD800-8ED1-4DD3-A455-65C91C97305B}.Debug|Any CPU.ActiveCfg = Debug|Any CPU
		{389FD800-8ED1-4DD3-A455-65C91C97305B}.Debug|Any CPU.Build.0 = Debug|Any CPU
		{389FD800-8ED1-4DD3-A455-65C91C97305B}.Release|Any CPU.ActiveCfg = Release|Any CPU
		{389FD800-8ED1-4DD3-A455-65C91C97305B}.Release|Any CPU.Build.0 = Release|Any CPU
	EndGlobalSection
	GlobalSection(SolutionProperties) = preSolution
		HideSolutionNode = FALSE
	EndGlobalSection
	GlobalSection(ExtensibilityGlobals) = postSolution
		SolutionGuid = {F835175F-2FDF-49A9-9436-373609E6B682}
	EndGlobalSection
EndGlobal
